
Microsoft Visual Studio Solution File, Format Version 12.00
# Visual Studio 15
VisualStudioVersion = 15.0.27004.2010
MinimumVisualStudioVersion = 10.0.40219.1
Project("{FAE04EC0-301F-11D3-BF4B-00C04F79EFBC}") = "WebApplicationTest", "WebApplicationTest\WebApplicationTest.csproj", "{8F7ADF98-D755-4C2E-B9F1-27520604349E}"
EndProject
Global
	GlobalSection(SolutionConfigurationPlatforms) = preSolution
		Debug|Any CPU = Debug|Any CPU
		Release|Any CPU = Release|Any CPU
	EndGlobalSection
	GlobalSection(ProjectConfigurationPlatforms) = postSolution
		{8F7ADF98-D755-4C2E-B9F1-27520604349E}.Debug|Any CPU.ActiveCfg = Debug|Any CPU
		{8F7ADF98-D755-4C2E-B9F1-27520604349E}.Debug|Any CPU.Build.0 = Debug|Any CPU
		{8F7ADF98-D755-4C2E-B9F1-27520604349E}.Release|Any CPU.ActiveCfg = Release|Any CPU
		{8F7ADF98-D755-4C2E-B9F1-27520604349E}.Release|Any CPU.Build.0 = Release|Any CPU
	EndGlobalSection
	GlobalSection(SolutionProperties) = preSolution
		HideSolutionNode = FALSE
	EndGlobalSection
	GlobalSection(ExtensibilityGlobals) = postSolution
		SolutionGuid = {7D37C696-DEB3-42BD-B03C-2E2A307C88CF}
	EndGlobalSection
EndGlobal
